# THIS IS AN AUTOGENERATED FILE. DO NOT EDIT THIS FILE DIRECTLY.
# yarn lockfile v1


"@types/envinfo@^7.8.1":
  version "7.8.1"
  resolved "https://registry.yarnpkg.com/@types/envinfo/-/envinfo-7.8.1.tgz#1915df82c16d637e92146645c70db9360eb099c6"
  integrity sha512-pTyshpmGxqB9lRwG75v2YR0oqKYpCrklOYlZWQ88z/JB0fimT8EVmYekuIwpU3IxPZDHSXCqXKzkCrtAcKY25g==

envinfo@^7.8.1:
  version "7.8.1"
  resolved "https://registry.yarnpkg.com/envinfo/-/envinfo-7.8.1.tgz#06377e3e5f4d379fea7ac592d5ad8927e0c4d475"
  integrity sha512-/o+BXHmB7ocbHEAs6F2EnG0ogybVVUdkRunTT2glZU9XAaGmhqskrvKwqXuDfNjEO0LZKWdejEEpnq8aM0tOaw==
