# THIS IS AN AUTOGENERATED FILE. DO NOT EDIT THIS FILE DIRECTLY.
# yarn lockfile v1


"@types/envinfo@^7.8.4":
  version "7.8.4"
  resolved "https://registry.yarnpkg.com/@types/envinfo/-/envinfo-7.8.4.tgz#f13ec1050b8e260d6d7c149ba5b99f65d2b74058"
  integrity sha512-K5WaRgSlqjc408IyPbxOFnz7rVG9E8ELhj7XR3Ncui15EgeyIXTcCfmwrRnU4uEOCJQhzZRAQurYznEEc1dD2g==

envinfo@^7.19.0:
  version "7.19.0"
  resolved "https://registry.yarnpkg.com/envinfo/-/envinfo-7.19.0.tgz#b4b4507a27e9900b0175f556167fd3a95f8623f1"
  integrity sha512-DoSM9VyG6O3vqBf+p3Gjgr/Q52HYBBtO3v+4koAxt1MnWr+zEnxE+nke/yXS4lt2P4SYCHQ4V3f1i88LQVOpAw==
