# THIS IS AN AUTOGENERATED FILE. DO NOT EDIT THIS FILE DIRECTLY.
# yarn lockfile v1


"@types/envinfo@^7.8.4":
  version "7.8.4"
  resolved "https://registry.yarnpkg.com/@types/envinfo/-/envinfo-7.8.4.tgz#f13ec1050b8e260d6d7c149ba5b99f65d2b74058"
  integrity sha512-K5WaRgSlqjc408IyPbxOFnz7rVG9E8ELhj7XR3Ncui15EgeyIXTcCfmwrRnU4uEOCJQhzZRAQurYznEEc1dD2g==

envinfo@^7.14.0:
  version "7.14.0"
  resolved "https://registry.yarnpkg.com/envinfo/-/envinfo-7.14.0.tgz#26dac5db54418f2a4c1159153a0b2ae980838aae"
  integrity sha512-CO40UI41xDQzhLB1hWyqUKgFhs250pNcGbyGKe1l/e4FSaI/+YE4IMG76GDt0In67WLPACIITC+sOi08x4wIvg==
