{
	"requires": true,
	"lockfileVersion": 1,
	"dependencies": {
		"kinvey-nativescript-sdk": {
			"version": "file:../dist/kinvey-nativescript-sdk-3.11.0.tgz",
			"integrity": "sha512-vfYkIrjnS1EGS49Lonil3hsydVWJzcsTF8kT1+jIXnwufU9JCGmfWtvJ9jg3eMgF4D0413A+XsY1+g4yxh2Thw==",
			"requires": {
				"nativescript-sqlite": "~1.1.11",
				"rxjs": "~5.5.5"
			}
		},
		"nativescript-sqlite": {
			"version": "1.1.11",
			"resolved": "https://registry.npmjs.org/nativescript-sqlite/-/nativescript-sqlite-1.1.11.tgz",
			"integrity": "sha512-umgv6Y1e+WldHLCbC9kjhVa9VE1O0e0oPLtJveXidzpiIJAWT9x+NYcFQsBFcPBdzmy6HKqrINvT5DhVYs+DOA=="
		},
		"nativescript-theme-core": {
			"version": "1.0.4",
			"resolved": "https://registry.npmjs.org/nativescript-theme-core/-/nativescript-theme-core-1.0.4.tgz",
			"integrity": "sha1-zyiAx/vy/l9D4iNdMJdQeQgD7+E="
		},
		"rxjs": {
			"version": "5.5.11",
			"resolved": "https://registry.npmjs.org/rxjs/-/rxjs-5.5.11.tgz",
			"integrity": "sha512-3bjO7UwWfA2CV7lmwYMBzj4fQ6Cq+ftHc2MvUe+WMS7wcdJ1LosDWmdjPQanYp2dBRj572p7PeU81JUxHKOcBA==",
			"requires": {
				"symbol-observable": "1.0.1"
			}
		},
		"symbol-observable": {
			"version": "1.0.1",
			"resolved": "https://registry.npmjs.org/symbol-observable/-/symbol-observable-1.0.1.tgz",
			"integrity": "sha1-g0D8RwLDEi310iKI+IKD9RPT/dQ="
		},
		"tns-core-modules": {
			"version": "4.0.1",
			"resolved": "https://registry.npmjs.org/tns-core-modules/-/tns-core-modules-4.0.1.tgz",
			"integrity": "sha512-GgfwWC4TgqwSZeimR0mvCyrJjve31gSr3vhnEYQLD/8rQGu1ZS7U5tlHcgHsYtTKtwksxkovXAnHMPBz4MFRfQ==",
			"requires": {
				"tns-core-modules-widgets": "4.0.0"
			}
		},
		"tns-core-modules-widgets": {
			"version": "4.0.0",
			"resolved": "https://registry.npmjs.org/tns-core-modules-widgets/-/tns-core-modules-widgets-4.0.0.tgz",
			"integrity": "sha512-8moobfg3GtdYkiH3UZyqTQVF7+zxuAAv29viXDR73x7KmQ6EMXuoiN/isytDr9C2m/aE2iPlzpKS4Dm8OkWBIA=="
		}
	}
}
