{
	"name": "kinvey-js-sdk",
	"version": "3.13.0-next.7",
	"lockfileVersion": 1,
	"requires": true,
	"dependencies": {
		"@types/events": {
			"version": "3.0.0",
			"resolved": "https://registry.npmjs.org/@types/events/-/events-3.0.0.tgz",
			"integrity": "sha512-EaObqwIvayI5a8dCzhFrjKzVwKLxjoG9T6Ppd5CEo07LRKfQ8Yokw54r5+Wq7FaBQ+yXRvQAYPrHwya1/UFt9g==",
			"dev": true
		},
		"@types/js-base64": {
			"version": "2.3.1",
			"resolved": "https://registry.npmjs.org/@types/js-base64/-/js-base64-2.3.1.tgz",
			"integrity": "sha512-4RKbhIDGC87s4EBy2Cp2/5S2O6kmCRcZnD5KRCq1q9z2GhBte1+BdsfVKCpG8yKpDGNyEE2G6IqFIh6W2YwWPA==",
			"dev": true
		},
		"@types/lodash": {
			"version": "4.14.123",
			"resolved": "https://registry.npmjs.org/@types/lodash/-/lodash-4.14.123.tgz",
			"integrity": "sha512-pQvPkc4Nltyx7G1Ww45OjVqUsJP4UsZm+GWJpigXgkikZqJgRm4c48g027o6tdgubWHwFRF15iFd+Y4Pmqv6+Q==",
			"dev": true
		},
		"@types/loglevel": {
			"version": "1.5.4",
			"resolved": "https://registry.npmjs.org/@types/loglevel/-/loglevel-1.5.4.tgz",
			"integrity": "sha512-8dx4ckP0vndJeN+iKZwdGiapLqFjVQ3JLOt92uqK0C63acs5NcPLbUOpfXCJkKVRjZLBQjw8NIGNBSsnatFnFQ==",
			"dev": true
		},
		"@types/node": {
			"version": "11.11.8",
			"resolved": "https://registry.npmjs.org/@types/node/-/node-11.11.8.tgz",
			"integrity": "sha512-87dYasmW2iLSYNTc3WU85taIQb1RBz6KK9w/Hnbkyu3n9xeNd0fbVaPoGMyX1ErGB8PaqNuCtYjpoI9aN6DoCg==",
			"dev": true
		},
		"@types/pubnub": {
			"version": "4.0.6",
			"resolved": "https://registry.npmjs.org/@types/pubnub/-/pubnub-4.0.6.tgz",
			"integrity": "sha512-LQjABLsVZJRN0tJ0NVLlqlC2pJvv83Wdk7V3q7oTnEQ1K48owyKTzMZXCjmCfVItPk79hebqubxSzkgpd45hzw==",
			"dev": true
		},
		"@types/url-join": {
			"version": "4.0.0",
			"resolved": "https://registry.npmjs.org/@types/url-join/-/url-join-4.0.0.tgz",
			"integrity": "sha512-awrJu8yML4E/xTwr2EMatC+HBnHGoDxc2+ImA9QyeUELI1S7dOCIZcyjki1rkwoA8P2D2NVgLAJLjnclkdLtAw==",
			"dev": true
		},
		"agent-base": {
			"version": "4.2.1",
			"resolved": "https://registry.npmjs.org/agent-base/-/agent-base-4.2.1.tgz",
			"integrity": "sha512-JVwXMr9nHYTUXsBFKUqhJwvlcYU/blreOEUkhNR2eXZIvwd+c+o5V4MgDPKWnMS/56awN3TRzIP+KoPn+roQtg==",
			"dev": true,
			"requires": {
				"es6-promisify": "^5.0.0"
			}
		},
		"agentkeepalive": {
			"version": "3.5.2",
			"resolved": "https://registry.npmjs.org/agentkeepalive/-/agentkeepalive-3.5.2.tgz",
			"integrity": "sha512-e0L/HNe6qkQ7H19kTlRRqUibEAwDK5AFk6y3PtMsuut2VAH6+Q4xZml1tNDJD7kSAyqmbG/K08K5WEJYtUrSlQ==",
			"dev": true,
			"requires": {
				"humanize-ms": "^1.2.1"
			}
		},
		"ast-types": {
			"version": "0.12.3",
			"resolved": "https://registry.npmjs.org/ast-types/-/ast-types-0.12.3.tgz",
			"integrity": "sha512-wJUcAfrdW+IgDoMGNz5MmcvahKgB7BwIbLupdKVVHxHNYt+HVR2k35swdYNv9aZpF8nvlkjbnkp2rrNwxGckZA==",
			"dev": true
		},
		"asynckit": {
			"version": "0.4.0",
			"resolved": "https://registry.npmjs.org/asynckit/-/asynckit-0.4.0.tgz",
			"integrity": "sha1-x57Zf380y48robyXkLzDZkdLS3k=",
			"dev": true
		},
		"bytes": {
			"version": "3.0.0",
			"resolved": "https://registry.npmjs.org/bytes/-/bytes-3.0.0.tgz",
			"integrity": "sha1-0ygVQE1olpn4Wk6k+odV3ROpYEg=",
			"dev": true
		},
		"co": {
			"version": "4.6.0",
			"resolved": "https://registry.npmjs.org/co/-/co-4.6.0.tgz",
			"integrity": "sha1-bqa989hTrlTMuOR7+gvz+QMfsYQ=",
			"dev": true
		},
		"combined-stream": {
			"version": "1.0.7",
			"resolved": "https://registry.npmjs.org/combined-stream/-/combined-stream-1.0.7.tgz",
			"integrity": "sha512-brWl9y6vOB1xYPZcpZde3N9zDByXTosAeMDo4p1wzo6UMOX4vumB+TP1RZ76sfE6Md68Q0NJSrE/gbezd4Ul+w==",
			"dev": true,
			"requires": {
				"delayed-stream": "~1.0.0"
			}
		},
		"component-emitter": {
			"version": "1.2.1",
			"resolved": "https://registry.npmjs.org/component-emitter/-/component-emitter-1.2.1.tgz",
			"integrity": "sha1-E3kY1teCg/ffemt8WmPhQOaUJeY=",
			"dev": true
		},
		"cookiejar": {
			"version": "2.1.2",
			"resolved": "https://registry.npmjs.org/cookiejar/-/cookiejar-2.1.2.tgz",
			"integrity": "sha512-Mw+adcfzPxcPeI+0WlvRrr/3lGVO0bD75SxX6811cxSh1Wbxx7xZBGK1eVtDf6si8rg2lhnUjsVLMFMfbRIuwA==",
			"dev": true
		},
		"core-util-is": {
			"version": "1.0.2",
			"resolved": "https://registry.npmjs.org/core-util-is/-/core-util-is-1.0.2.tgz",
			"integrity": "sha1-tf1UIgqivFq1eqtxQMlAdUUDwac=",
			"dev": true
		},
		"data-uri-to-buffer": {
			"version": "2.0.0",
			"resolved": "https://registry.npmjs.org/data-uri-to-buffer/-/data-uri-to-buffer-2.0.0.tgz",
			"integrity": "sha512-YbKCNLPPP4inc0E5If4OaalBc7gpaM2MRv77Pv2VThVComLKfbGYtJcdDCViDyp1Wd4SebhHLz94vp91zbK6bw==",
			"dev": true,
			"requires": {
				"@types/node": "^8.0.7"
			},
			"dependencies": {
				"@types/node": {
					"version": "8.10.45",
					"resolved": "https://registry.npmjs.org/@types/node/-/node-8.10.45.tgz",
					"integrity": "sha512-tGVTbA+i3qfXsLbq9rEq/hezaHY55QxQLeXQL2ejNgFAxxrgu8eMmYIOsRcl7hN1uTLVsKOOYacV/rcJM3sfgQ==",
					"dev": true
				}
			}
		},
		"debug": {
			"version": "3.2.6",
			"resolved": "https://registry.npmjs.org/debug/-/debug-3.2.6.tgz",
			"integrity": "sha512-mel+jf7nrtEl5Pn1Qx46zARXKDpBbvzezse7p7LqINmdoIk8PYP5SySaxEmYv6TZ0JyEKA1hsCId6DIhgITtWQ==",
			"dev": true,
			"requires": {
				"ms": "^2.1.1"
			}
		},
		"deep-is": {
			"version": "0.1.3",
			"resolved": "https://registry.npmjs.org/deep-is/-/deep-is-0.1.3.tgz",
			"integrity": "sha1-s2nW+128E+7PUk+RsHD+7cNXzzQ=",
			"dev": true
		},
		"degenerator": {
			"version": "1.0.4",
			"resolved": "https://registry.npmjs.org/degenerator/-/degenerator-1.0.4.tgz",
			"integrity": "sha1-/PSQo37OJmRk2cxDGrmMWBnO0JU=",
			"dev": true,
			"requires": {
				"ast-types": "0.x.x",
				"escodegen": "1.x.x",
				"esprima": "3.x.x"
			}
		},
		"delayed-stream": {
			"version": "1.0.0",
			"resolved": "https://registry.npmjs.org/delayed-stream/-/delayed-stream-1.0.0.tgz",
			"integrity": "sha1-3zrhmayt+31ECqrgsp4icrJOxhk=",
			"dev": true
		},
		"depd": {
			"version": "1.1.2",
			"resolved": "https://registry.npmjs.org/depd/-/depd-1.1.2.tgz",
			"integrity": "sha1-m81S4UwJd2PnSbJ0xDRu0uVgtak=",
			"dev": true
		},
		"es6-promise": {
			"version": "4.2.6",
			"resolved": "https://registry.npmjs.org/es6-promise/-/es6-promise-4.2.6.tgz",
			"integrity": "sha512-aRVgGdnmW2OiySVPUC9e6m+plolMAJKjZnQlCwNSuK5yQ0JN61DZSO1X1Ufd1foqWRAlig0rhduTCHe7sVtK5Q==",
			"dev": true
		},
		"es6-promisify": {
			"version": "5.0.0",
			"resolved": "https://registry.npmjs.org/es6-promisify/-/es6-promisify-5.0.0.tgz",
			"integrity": "sha1-UQnWLz5W6pZ8S2NQWu8IKRyKUgM=",
			"dev": true,
			"requires": {
				"es6-promise": "^4.0.3"
			}
		},
		"escodegen": {
			"version": "1.11.1",
			"resolved": "https://registry.npmjs.org/escodegen/-/escodegen-1.11.1.tgz",
			"integrity": "sha512-JwiqFD9KdGVVpeuRa68yU3zZnBEOcPs0nKW7wZzXky8Z7tffdYUHbe11bPCV5jYlK6DVdKLWLm0f5I/QlL0Kmw==",
			"dev": true,
			"requires": {
				"esprima": "^3.1.3",
				"estraverse": "^4.2.0",
				"esutils": "^2.0.2",
				"optionator": "^0.8.1",
				"source-map": "~0.6.1"
			}
		},
		"esprima": {
			"version": "3.1.3",
			"resolved": "https://registry.npmjs.org/esprima/-/esprima-3.1.3.tgz",
			"integrity": "sha1-/cpRzuYTOJXjyI1TXOSdv/YqRjM=",
			"dev": true
		},
		"estraverse": {
			"version": "4.2.0",
			"resolved": "https://registry.npmjs.org/estraverse/-/estraverse-4.2.0.tgz",
			"integrity": "sha1-De4/7TH81GlhjOc0IJn8GvoL2xM=",
			"dev": true
		},
		"esutils": {
			"version": "2.0.2",
			"resolved": "https://registry.npmjs.org/esutils/-/esutils-2.0.2.tgz",
			"integrity": "sha1-Cr9PHKpbyx96nYrMbepPqqBLrJs=",
			"dev": true
		},
		"eventemitter3": {
			"version": "3.1.0",
			"resolved": "https://registry.npmjs.org/eventemitter3/-/eventemitter3-3.1.0.tgz",
			"integrity": "sha512-ivIvhpq/Y0uSjcHDcOIccjmYjGLcP09MFGE7ysAwkAvkXfpZlC985pH2/ui64DKazbTW/4kN3yqozUxlXzI6cA==",
			"dev": true
		},
		"events": {
			"version": "3.0.0",
			"resolved": "https://registry.npmjs.org/events/-/events-3.0.0.tgz",
			"integrity": "sha512-Dc381HFWJzEOhQ+d8pkNon++bk9h6cdAoAj4iE6Q4y6xgTzySWXlKn05/TVNpjnfRqi/X0EpJEJohPjNI3zpVA==",
			"dev": true
		},
		"extend": {
			"version": "3.0.2",
			"resolved": "https://registry.npmjs.org/extend/-/extend-3.0.2.tgz",
			"integrity": "sha512-fjquC59cD7CyW6urNXK0FBufkZcoiGG80wTuPujX590cB5Ttln20E2UB4S/WARVqhXffZl2LNgS+gQdPIIim/g==",
			"dev": true
		},
		"fast-levenshtein": {
			"version": "2.0.6",
			"resolved": "https://registry.npmjs.org/fast-levenshtein/-/fast-levenshtein-2.0.6.tgz",
			"integrity": "sha1-PYpcZog6FqMMqGQ+hR8Zuqd5eRc=",
			"dev": true
		},
		"file-uri-to-path": {
			"version": "1.0.0",
			"resolved": "https://registry.npmjs.org/file-uri-to-path/-/file-uri-to-path-1.0.0.tgz",
			"integrity": "sha512-0Zt+s3L7Vf1biwWZ29aARiVYLx7iMGnEUl9x33fbB/j3jR81u/O2LbqK+Bm1CDSNDKVtJ/YjwY7TUd5SkeLQLw==",
			"dev": true
		},
		"form-data": {
			"version": "2.3.3",
			"resolved": "https://registry.npmjs.org/form-data/-/form-data-2.3.3.tgz",
			"integrity": "sha512-1lLKB2Mu3aGP1Q/2eCOx0fNbRMe7XdwktwOruhfqqd0rIJWwN4Dh+E3hrPSlDCXnSR7UtZ1N38rVXm+6+MEhJQ==",
			"dev": true,
			"requires": {
				"asynckit": "^0.4.0",
				"combined-stream": "^1.0.6",
				"mime-types": "^2.1.12"
			}
		},
		"formidable": {
			"version": "1.2.1",
			"resolved": "https://registry.npmjs.org/formidable/-/formidable-1.2.1.tgz",
			"integrity": "sha512-Fs9VRguL0gqGHkXS5GQiMCr1VhZBxz0JnJs4JmMp/2jL18Fmbzvv7vOFRU+U8TBkHEE/CX1qDXzJplVULgsLeg==",
			"dev": true
		},
		"fs-extra": {
			"version": "7.0.1",
			"resolved": "https://registry.npmjs.org/fs-extra/-/fs-extra-7.0.1.tgz",
			"integrity": "sha512-YJDaCJZEnBmcbw13fvdAM9AwNOJwOzrE4pqMqBq5nFiEqXUqHwlK4B+3pUw6JNvfSPtX05xFHtYy/1ni01eGCw==",
			"dev": true,
			"requires": {
				"graceful-fs": "^4.1.2",
				"jsonfile": "^4.0.0",
				"universalify": "^0.1.0"
			}
		},
		"ftp": {
			"version": "0.3.10",
			"resolved": "https://registry.npmjs.org/ftp/-/ftp-0.3.10.tgz",
			"integrity": "sha1-kZfYYa2BQvPmPVqDv+TFn3MwiF0=",
			"dev": true,
			"requires": {
				"readable-stream": "1.1.x",
				"xregexp": "2.0.0"
			},
			"dependencies": {
				"isarray": {
					"version": "0.0.1",
					"resolved": "https://registry.npmjs.org/isarray/-/isarray-0.0.1.tgz",
					"integrity": "sha1-ihis/Kmo9Bd+Cav8YDiTmwXR7t8=",
					"dev": true
				},
				"readable-stream": {
					"version": "1.1.14",
					"resolved": "https://registry.npmjs.org/readable-stream/-/readable-stream-1.1.14.tgz",
					"integrity": "sha1-fPTFTvZI44EwhMY23SB54WbAgdk=",
					"dev": true,
					"requires": {
						"core-util-is": "~1.0.0",
						"inherits": "~2.0.1",
						"isarray": "0.0.1",
						"string_decoder": "~0.10.x"
					}
				},
				"string_decoder": {
					"version": "0.10.31",
					"resolved": "https://registry.npmjs.org/string_decoder/-/string_decoder-0.10.31.tgz",
					"integrity": "sha1-YuIDvEF2bGwoyfyEMB2rHFMQ+pQ=",
					"dev": true
				}
			}
		},
		"get-uri": {
			"version": "2.0.3",
			"resolved": "https://registry.npmjs.org/get-uri/-/get-uri-2.0.3.tgz",
			"integrity": "sha512-x5j6Ks7FOgLD/GlvjKwgu7wdmMR55iuRHhn8hj/+gA+eSbxQvZ+AEomq+3MgVEZj1vpi738QahGbCCSIDtXtkw==",
			"dev": true,
			"requires": {
				"data-uri-to-buffer": "2",
				"debug": "4",
				"extend": "~3.0.2",
				"file-uri-to-path": "1",
				"ftp": "~0.3.10",
				"readable-stream": "3"
			},
			"dependencies": {
				"debug": {
					"version": "4.1.1",
					"resolved": "https://registry.npmjs.org/debug/-/debug-4.1.1.tgz",
					"integrity": "sha512-pYAIzeRo8J6KPEaJ0VWOh5Pzkbw/RetuzehGM7QRRX5he4fPHx2rdKMB256ehJCkX+XRQm16eZLqLNS8RSZXZw==",
					"dev": true,
					"requires": {
						"ms": "^2.1.1"
					}
				},
				"readable-stream": {
					"version": "3.3.0",
					"resolved": "https://registry.npmjs.org/readable-stream/-/readable-stream-3.3.0.tgz",
					"integrity": "sha512-EsI+s3k3XsW+fU8fQACLN59ky34AZ14LoeVZpYwmZvldCFo0r0gnelwF2TcMjLor/BTL5aDJVBMkss0dthToPw==",
					"dev": true,
					"requires": {
						"inherits": "^2.0.3",
						"string_decoder": "^1.1.1",
						"util-deprecate": "^1.0.1"
					}
				}
			}
		},
		"graceful-fs": {
			"version": "4.1.15",
			"resolved": "https://registry.npmjs.org/graceful-fs/-/graceful-fs-4.1.15.tgz",
			"integrity": "sha512-6uHUhOPEBgQ24HM+r6b/QwWfZq+yiFcipKFrOFiBEnWdy5sdzYoi+pJeQaPI5qOLRFqWmAXUPQNsielzdLoecA==",
			"dev": true
		},
		"http-errors": {
			"version": "1.6.3",
			"resolved": "https://registry.npmjs.org/http-errors/-/http-errors-1.6.3.tgz",
			"integrity": "sha1-i1VoC7S+KDoLW/TqLjhYC+HZMg0=",
			"dev": true,
			"requires": {
				"depd": "~1.1.2",
				"inherits": "2.0.3",
				"setprototypeof": "1.1.0",
				"statuses": ">= 1.4.0 < 2"
			}
		},
		"http-proxy-agent": {
			"version": "2.1.0",
			"resolved": "https://registry.npmjs.org/http-proxy-agent/-/http-proxy-agent-2.1.0.tgz",
			"integrity": "sha512-qwHbBLV7WviBl0rQsOzH6o5lwyOIvwp/BdFnvVxXORldu5TmjFfjzBcWUWS5kWAZhmv+JtiDhSuQCp4sBfbIgg==",
			"dev": true,
			"requires": {
				"agent-base": "4",
				"debug": "3.1.0"
			},
			"dependencies": {
				"debug": {
					"version": "3.1.0",
					"resolved": "https://registry.npmjs.org/debug/-/debug-3.1.0.tgz",
					"integrity": "sha512-OX8XqP7/1a9cqkxYw2yXss15f26NKWBpDXQd0/uK/KPqdQhxbPa994hnzjcE2VqQpDslf55723cKPUOGSmMY3g==",
					"dev": true,
					"requires": {
						"ms": "2.0.0"
					}
				},
				"ms": {
					"version": "2.0.0",
					"resolved": "https://registry.npmjs.org/ms/-/ms-2.0.0.tgz",
					"integrity": "sha1-VgiurfwAvmwpAd9fmGF4jeDVl8g=",
					"dev": true
				}
			}
		},
		"https-proxy-agent": {
			"version": "2.2.1",
			"resolved": "https://registry.npmjs.org/https-proxy-agent/-/https-proxy-agent-2.2.1.tgz",
			"integrity": "sha512-HPCTS1LW51bcyMYbxUIOO4HEOlQ1/1qRaFWcyxvwaqUS9TY88aoEuHUY33kuAh1YhVVaDQhLZsnPd+XNARWZlQ==",
			"dev": true,
			"requires": {
				"agent-base": "^4.1.0",
				"debug": "^3.1.0"
			}
		},
		"humanize-ms": {
			"version": "1.2.1",
			"resolved": "https://registry.npmjs.org/humanize-ms/-/humanize-ms-1.2.1.tgz",
			"integrity": "sha1-xG4xWaKT9riW2ikxbYtv6Lt5u+0=",
			"dev": true,
			"requires": {
				"ms": "^2.0.0"
			}
		},
		"iconv-lite": {
			"version": "0.4.23",
			"resolved": "https://registry.npmjs.org/iconv-lite/-/iconv-lite-0.4.23.tgz",
			"integrity": "sha512-neyTUVFtahjf0mB3dZT77u+8O0QB89jFdnBkd5P1JgYPbPaia3gXXOVL2fq8VyU2gMMD7SaN7QukTB/pmXYvDA==",
			"dev": true,
			"requires": {
				"safer-buffer": ">= 2.1.2 < 3"
			}
		},
		"inherits": {
			"version": "2.0.3",
			"resolved": "https://registry.npmjs.org/inherits/-/inherits-2.0.3.tgz",
			"integrity": "sha1-Yzwsg+PaQqUC9SRmAiSA9CCCYd4=",
			"dev": true
		},
		"ip": {
			"version": "1.1.5",
			"resolved": "https://registry.npmjs.org/ip/-/ip-1.1.5.tgz",
			"integrity": "sha1-vd7XARQpCCjAoDnnLvJfWq7ENUo=",
			"dev": true
		},
		"isarray": {
			"version": "1.0.0",
			"resolved": "https://registry.npmjs.org/isarray/-/isarray-1.0.0.tgz",
			"integrity": "sha1-u5NdSFgsuhaMBoNJV6VKPgcSTxE=",
			"dev": true
		},
		"js-base64": {
			"version": "2.5.1",
			"resolved": "https://registry.npmjs.org/js-base64/-/js-base64-2.5.1.tgz",
			"integrity": "sha512-M7kLczedRMYX4L8Mdh4MzyAMM9O5osx+4FcOQuTvr3A9F2D9S5JXheN0ewNbrvK2UatkTRhL5ejGmGSjNMiZuw==",
			"dev": true
		},
		"jsonfile": {
			"version": "4.0.0",
			"resolved": "https://registry.npmjs.org/jsonfile/-/jsonfile-4.0.0.tgz",
			"integrity": "sha1-h3Gq4HmbZAdrdmQPygWPnBDjPss=",
			"dev": true,
			"requires": {
				"graceful-fs": "^4.1.6"
			}
		},
		"levn": {
			"version": "0.3.0",
			"resolved": "https://registry.npmjs.org/levn/-/levn-0.3.0.tgz",
			"integrity": "sha1-OwmSTt+fCDwEkP3UwLxEIeBHZO4=",
			"dev": true,
			"requires": {
				"prelude-ls": "~1.1.2",
				"type-check": "~0.3.2"
			}
		},
		"lil-uuid": {
			"version": "0.1.1",
			"resolved": "https://registry.npmjs.org/lil-uuid/-/lil-uuid-0.1.1.tgz",
			"integrity": "sha1-+e3PI/AOQr9D8PhD2Y2LU/M0HxY=",
			"dev": true
		},
		"lodash": {
			"version": "4.17.11",
			"resolved": "https://registry.npmjs.org/lodash/-/lodash-4.17.11.tgz",
			"integrity": "sha512-cQKh8igo5QUhZ7lg38DYWAxMvjSAKG0A8wGSVimP07SIUEK2UO+arSRKbRZWtelMtN5V0Hkwh5ryOto/SshYIg==",
			"dev": true
		},
		"loglevel": {
			"version": "1.6.1",
			"resolved": "https://registry.npmjs.org/loglevel/-/loglevel-1.6.1.tgz",
			"integrity": "sha1-4PyVEztu8nbNyIh82vJKpvFW+Po=",
			"dev": true
		},
		"loglevel-plugin-prefix": {
			"version": "0.8.4",
			"resolved": "https://registry.npmjs.org/loglevel-plugin-prefix/-/loglevel-plugin-prefix-0.8.4.tgz",
			"integrity": "sha512-WpG9CcFAOjz/FtNht+QJeGpvVl/cdR6P0z6OcXSkr8wFJOsV2GRj2j10JLfjuA4aYkcKCNIEqRGCyTife9R8/g==",
			"dev": true
		},
		"lru-cache": {
			"version": "4.1.5",
			"resolved": "https://registry.npmjs.org/lru-cache/-/lru-cache-4.1.5.tgz",
			"integrity": "sha512-sWZlbEP2OsHNkXrMl5GYk/jKk70MBng6UU4YI/qGDYbgf6YbP4EvmqISbXCoJiRKs+1bSpFHVgQxvJ17F2li5g==",
			"dev": true,
			"requires": {
				"pseudomap": "^1.0.2",
				"yallist": "^2.1.2"
			}
		},
		"methods": {
			"version": "1.1.2",
			"resolved": "https://registry.npmjs.org/methods/-/methods-1.1.2.tgz",
			"integrity": "sha1-VSmk1nZUE07cxSZmVoNbD4Ua/O4=",
			"dev": true
		},
		"mime": {
			"version": "1.6.0",
			"resolved": "https://registry.npmjs.org/mime/-/mime-1.6.0.tgz",
			"integrity": "sha512-x0Vn8spI+wuJ1O6S7gnbaQg8Pxh4NNHb7KSINmEWKiPE4RKOplvijn+NkmYmmRgP68mc70j2EbeTFRsrswaQeg==",
			"dev": true
		},
		"mime-db": {
			"version": "1.38.0",
			"resolved": "https://registry.npmjs.org/mime-db/-/mime-db-1.38.0.tgz",
			"integrity": "sha512-bqVioMFFzc2awcdJZIzR3HjZFX20QhilVS7hytkKrv7xFAn8bM1gzc/FOX2awLISvWe0PV8ptFKcon+wZ5qYkg==",
			"dev": true
		},
		"mime-types": {
			"version": "2.1.22",
			"resolved": "https://registry.npmjs.org/mime-types/-/mime-types-2.1.22.tgz",
			"integrity": "sha512-aGl6TZGnhm/li6F7yx82bJiBZwgiEa4Hf6CNr8YO+r5UHr53tSTYZb102zyU50DOWWKeOv0uQLRL0/9EiKWCog==",
			"dev": true,
			"requires": {
				"mime-db": "~1.38.0"
			}
		},
		"ms": {
			"version": "2.1.1",
			"resolved": "https://registry.npmjs.org/ms/-/ms-2.1.1.tgz",
			"integrity": "sha512-tgp+dl5cGk28utYktBsrFqA7HKgrhgPsg6Z/EfhWI4gl1Hwq8B/GmY/0oXZ6nF8hDVesS/FpnYaD/kOWhYQvyg==",
			"dev": true
		},
		"netmask": {
			"version": "1.0.6",
			"resolved": "https://registry.npmjs.org/netmask/-/netmask-1.0.6.tgz",
			"integrity": "sha1-ICl+idhvb2QA8lDZ9Pa0wZRfzTU=",
			"dev": true
		},
		"optionator": {
			"version": "0.8.2",
			"resolved": "https://registry.npmjs.org/optionator/-/optionator-0.8.2.tgz",
			"integrity": "sha1-NkxeQJ0/TWMB1sC0wFu6UBgK62Q=",
			"dev": true,
			"requires": {
				"deep-is": "~0.1.3",
				"fast-levenshtein": "~2.0.4",
				"levn": "~0.3.0",
				"prelude-ls": "~1.1.2",
				"type-check": "~0.3.2",
				"wordwrap": "~1.0.0"
			}
		},
		"p-queue": {
			"version": "4.0.0",
			"resolved": "https://registry.npmjs.org/p-queue/-/p-queue-4.0.0.tgz",
			"integrity": "sha512-3cRXXn3/O0o3+eVmUroJPSj/esxoEFIm0ZOno/T+NzG/VZgPOqQ8WKmlNqubSEpZmCIngEy34unkHGg83ZIBmg==",
			"dev": true,
			"requires": {
				"eventemitter3": "^3.1.0"
			}
		},
		"pac-proxy-agent": {
			"version": "2.0.2",
			"resolved": "https://registry.npmjs.org/pac-proxy-agent/-/pac-proxy-agent-2.0.2.tgz",
			"integrity": "sha512-cDNAN1Ehjbf5EHkNY5qnRhGPUCp6SnpyVof5fRzN800QV1Y2OkzbH9rmjZkbBRa8igof903yOnjIl6z0SlAhxA==",
			"dev": true,
			"requires": {
				"agent-base": "^4.2.0",
				"debug": "^3.1.0",
				"get-uri": "^2.0.0",
				"http-proxy-agent": "^2.1.0",
				"https-proxy-agent": "^2.2.1",
				"pac-resolver": "^3.0.0",
				"raw-body": "^2.2.0",
				"socks-proxy-agent": "^3.0.0"
			}
		},
		"pac-resolver": {
			"version": "3.0.0",
			"resolved": "https://registry.npmjs.org/pac-resolver/-/pac-resolver-3.0.0.tgz",
			"integrity": "sha512-tcc38bsjuE3XZ5+4vP96OfhOugrX+JcnpUbhfuc4LuXBLQhoTthOstZeoQJBDnQUDYzYmdImKsbz0xSl1/9qeA==",
			"dev": true,
			"requires": {
				"co": "^4.6.0",
				"degenerator": "^1.0.4",
				"ip": "^1.1.5",
				"netmask": "^1.0.6",
				"thunkify": "^2.1.2"
			}
		},
		"prelude-ls": {
			"version": "1.1.2",
			"resolved": "https://registry.npmjs.org/prelude-ls/-/prelude-ls-1.1.2.tgz",
			"integrity": "sha1-IZMqVJ9eUv/ZqCf1cOBL5iqX2lQ=",
			"dev": true
		},
		"process-nextick-args": {
			"version": "2.0.0",
			"resolved": "https://registry.npmjs.org/process-nextick-args/-/process-nextick-args-2.0.0.tgz",
			"integrity": "sha512-MtEC1TqN0EU5nephaJ4rAtThHtC86dNN9qCuEhtshvpVBkAW5ZO7BASN9REnF9eoXGcRub+pFuKEpOHE+HbEMw==",
			"dev": true
		},
		"proxy-agent": {
			"version": "2.3.1",
			"resolved": "https://registry.npmjs.org/proxy-agent/-/proxy-agent-2.3.1.tgz",
			"integrity": "sha512-CNKuhC1jVtm8KJYFTS2ZRO71VCBx3QSA92So/e6NrY6GoJonkx3Irnk4047EsCcswczwqAekRj3s8qLRGahSKg==",
			"dev": true,
			"requires": {
				"agent-base": "^4.2.0",
				"debug": "^3.1.0",
				"http-proxy-agent": "^2.1.0",
				"https-proxy-agent": "^2.2.1",
				"lru-cache": "^4.1.2",
				"pac-proxy-agent": "^2.0.1",
				"proxy-from-env": "^1.0.0",
				"socks-proxy-agent": "^3.0.0"
			}
		},
		"proxy-from-env": {
			"version": "1.0.0",
			"resolved": "https://registry.npmjs.org/proxy-from-env/-/proxy-from-env-1.0.0.tgz",
			"integrity": "sha1-M8UDmPcOp+uW0h97gXYwpVeRx+4=",
			"dev": true
		},
		"pseudomap": {
			"version": "1.0.2",
			"resolved": "https://registry.npmjs.org/pseudomap/-/pseudomap-1.0.2.tgz",
			"integrity": "sha1-8FKijacOYYkX7wqKw0wa5aaChrM=",
			"dev": true
		},
		"pubnub": {
			"version": "git+https://github.com/thomasconner/javascript.git#3ffab71afb1c5a730a524dca392818eed6addabd",
			"from": "git+https://github.com/thomasconner/javascript.git#develop",
			"dev": true,
			"requires": {
				"agentkeepalive": "^3.5.2",
				"lil-uuid": "^0.1.1",
				"superagent": "^3.8.1",
				"superagent-proxy": "^1.0.3"
			}
		},
		"punycode": {
			"version": "1.3.2",
			"resolved": "https://registry.npmjs.org/punycode/-/punycode-1.3.2.tgz",
			"integrity": "sha1-llOgNvt8HuQjQvIyXM7v6jkmxI0=",
			"dev": true
		},
		"qs": {
			"version": "6.7.0",
			"resolved": "https://registry.npmjs.org/qs/-/qs-6.7.0.tgz",
			"integrity": "sha512-VCdBRNFTX1fyE7Nb6FYoURo/SPe62QCaAyzJvUjwRaIsc+NePBEniHlvxFmmX56+HZphIGtV0XeCirBtpDrTyQ==",
			"dev": true
		},
		"querystring": {
			"version": "0.2.0",
			"resolved": "https://registry.npmjs.org/querystring/-/querystring-0.2.0.tgz",
			"integrity": "sha1-sgmEkgO7Jd+CDadW50cAWHhSFiA=",
			"dev": true
		},
		"raw-body": {
			"version": "2.3.3",
			"resolved": "https://registry.npmjs.org/raw-body/-/raw-body-2.3.3.tgz",
			"integrity": "sha512-9esiElv1BrZoI3rCDuOuKCBRbuApGGaDPQfjSflGxdy4oyzqghxu6klEkkVIvBje+FF0BX9coEv8KqW6X/7njw==",
			"dev": true,
			"requires": {
				"bytes": "3.0.0",
				"http-errors": "1.6.3",
				"iconv-lite": "0.4.23",
				"unpipe": "1.0.0"
			}
		},
		"readable-stream": {
			"version": "2.3.6",
			"resolved": "https://registry.npmjs.org/readable-stream/-/readable-stream-2.3.6.tgz",
			"integrity": "sha512-tQtKA9WIAhBF3+VLAseyMqZeBjW0AHJoxOtYqSUZNJxauErmLbVm2FW1y+J/YA9dUrAC39ITejlZWhVIwawkKw==",
			"dev": true,
			"requires": {
				"core-util-is": "~1.0.0",
				"inherits": "~2.0.3",
				"isarray": "~1.0.0",
				"process-nextick-args": "~2.0.0",
				"safe-buffer": "~5.1.1",
				"string_decoder": "~1.1.1",
				"util-deprecate": "~1.0.1"
			}
		},
		"rxjs": {
			"version": "6.4.0",
			"resolved": "https://registry.npmjs.org/rxjs/-/rxjs-6.4.0.tgz",
			"integrity": "sha512-Z9Yfa11F6B9Sg/BK9MnqnQ+aQYicPLtilXBp2yUtDt2JRCE0h26d33EnfO3ZxoNxG0T92OUucP3Ct7cpfkdFfw==",
			"dev": true,
			"requires": {
				"tslib": "^1.9.0"
			}
		},
		"safe-buffer": {
			"version": "5.1.2",
			"resolved": "https://registry.npmjs.org/safe-buffer/-/safe-buffer-5.1.2.tgz",
			"integrity": "sha512-Gd2UZBJDkXlY7GbJxfsE8/nvKkUEU1G38c1siN6QP6a9PT9MmHB8GnpscSmMJSoF8LOIrt8ud/wPtojys4G6+g==",
			"dev": true
		},
		"safer-buffer": {
			"version": "2.1.2",
			"resolved": "https://registry.npmjs.org/safer-buffer/-/safer-buffer-2.1.2.tgz",
			"integrity": "sha512-YZo3K82SD7Riyi0E1EQPojLz7kpepnSQI9IyPbHHg1XXXevb5dJI7tpyN2ADxGcQbHG7vcyRHk0cbwqcQriUtg==",
			"dev": true
		},
		"setprototypeof": {
			"version": "1.1.0",
			"resolved": "https://registry.npmjs.org/setprototypeof/-/setprototypeof-1.1.0.tgz",
			"integrity": "sha512-BvE/TwpZX4FXExxOxZyRGQQv651MSwmWKZGqvmPcRIjDqWub67kTKuIMx43cZZrS/cBBzwBcNDWoFxt2XEFIpQ==",
			"dev": true
		},
		"sift": {
			"version": "7.0.1",
			"resolved": "https://registry.npmjs.org/sift/-/sift-7.0.1.tgz",
			"integrity": "sha512-oqD7PMJ+uO6jV9EQCl0LrRw1OwsiPsiFQR5AR30heR+4Dl7jBBbDLnNvWiak20tzZlSE1H7RB30SX/1j/YYT7g==",
			"dev": true
		},
		"smart-buffer": {
			"version": "1.1.15",
			"resolved": "https://registry.npmjs.org/smart-buffer/-/smart-buffer-1.1.15.tgz",
			"integrity": "sha1-fxFLW2X6s+KjWqd1uxLw0cZJvxY=",
			"dev": true
		},
		"socks": {
			"version": "1.1.10",
			"resolved": "https://registry.npmjs.org/socks/-/socks-1.1.10.tgz",
			"integrity": "sha1-W4t/x8jzQcU+0FbpKbe/Tei6e1o=",
			"dev": true,
			"requires": {
				"ip": "^1.1.4",
				"smart-buffer": "^1.0.13"
			}
		},
		"socks-proxy-agent": {
			"version": "3.0.1",
			"resolved": "https://registry.npmjs.org/socks-proxy-agent/-/socks-proxy-agent-3.0.1.tgz",
			"integrity": "sha512-ZwEDymm204mTzvdqyUqOdovVr2YRd2NYskrYrF2LXyZ9qDiMAoFESGK8CRphiO7rtbo2Y757k2Nia3x2hGtalA==",
			"dev": true,
			"requires": {
				"agent-base": "^4.1.0",
				"socks": "^1.1.10"
			}
		},
		"source-map": {
			"version": "0.6.1",
			"resolved": "https://registry.npmjs.org/source-map/-/source-map-0.6.1.tgz",
			"integrity": "sha512-UjgapumWlbMhkBgzT7Ykc5YXUT46F0iKu8SGXq0bcwP5dz/h0Plj6enJqjz1Zbq2l5WaqYnrVbwWOWMyF3F47g==",
			"dev": true,
			"optional": true
		},
		"statuses": {
			"version": "1.5.0",
			"resolved": "https://registry.npmjs.org/statuses/-/statuses-1.5.0.tgz",
			"integrity": "sha1-Fhx9rBd2Wf2YEfQ3cfqZOBR4Yow=",
			"dev": true
		},
		"string_decoder": {
			"version": "1.1.1",
			"resolved": "https://registry.npmjs.org/string_decoder/-/string_decoder-1.1.1.tgz",
			"integrity": "sha512-n/ShnvDi6FHbbVfviro+WojiFzv+s8MPMHBczVePfUpDJLwoLT0ht1l4YwBCbi8pJAveEEdnkHyPyTP/mzRfwg==",
			"dev": true,
			"requires": {
				"safe-buffer": "~5.1.0"
			}
		},
		"superagent": {
			"version": "3.8.3",
			"resolved": "https://registry.npmjs.org/superagent/-/superagent-3.8.3.tgz",
			"integrity": "sha512-GLQtLMCoEIK4eDv6OGtkOoSMt3D+oq0y3dsxMuYuDvaNUvuT8eFBuLmfR0iYYzHC1e8hpzC6ZsxbuP6DIalMFA==",
			"dev": true,
			"requires": {
				"component-emitter": "^1.2.0",
				"cookiejar": "^2.1.0",
				"debug": "^3.1.0",
				"extend": "^3.0.0",
				"form-data": "^2.3.1",
				"formidable": "^1.2.0",
				"methods": "^1.1.1",
				"mime": "^1.4.1",
				"qs": "^6.5.1",
				"readable-stream": "^2.3.5"
			}
		},
		"superagent-proxy": {
			"version": "1.0.3",
			"resolved": "https://registry.npmjs.org/superagent-proxy/-/superagent-proxy-1.0.3.tgz",
			"integrity": "sha512-79Ujg1lRL2ICfuHUdX+H2MjIw73kB7bXsIkxLwHURz3j0XUmEEEoJ+u/wq+mKwna21Uejsm2cGR3OESA00TIjA==",
			"dev": true,
			"requires": {
				"debug": "^3.1.0",
				"proxy-agent": "2"
			}
		},
		"thunkify": {
			"version": "2.1.2",
			"resolved": "https://registry.npmjs.org/thunkify/-/thunkify-2.1.2.tgz",
			"integrity": "sha1-+qDp0jDFGsyVyhOjYawFyn4EVT0=",
			"dev": true
		},
		"tslib": {
			"version": "1.9.3",
			"resolved": "https://registry.npmjs.org/tslib/-/tslib-1.9.3.tgz",
			"integrity": "sha512-4krF8scpejhaOgqzBEcGM7yDIEfi0/8+8zDRZhNZZ2kjmHJ4hv3zCbQWxoJGz1iw5U0Jl0nma13xzHXcncMavQ==",
			"dev": true
		},
		"type-check": {
			"version": "0.3.2",
			"resolved": "https://registry.npmjs.org/type-check/-/type-check-0.3.2.tgz",
			"integrity": "sha1-WITKtRLPHTVeP7eE8wgEsrUg23I=",
			"dev": true,
			"requires": {
				"prelude-ls": "~1.1.2"
			}
		},
		"typescript": {
			"version": "3.3.4000",
			"resolved": "https://registry.npmjs.org/typescript/-/typescript-3.3.4000.tgz",
			"integrity": "sha512-jjOcCZvpkl2+z7JFn0yBOoLQyLoIkNZAs/fYJkUG6VKy6zLPHJGfQJYFHzibB6GJaF/8QrcECtlQ5cpvRHSMEA==",
			"dev": true
		},
		"universalify": {
			"version": "0.1.2",
			"resolved": "https://registry.npmjs.org/universalify/-/universalify-0.1.2.tgz",
			"integrity": "sha512-rBJeI5CXAlmy1pV+617WB9J63U6XcazHHF2f2dbJix4XzpUF0RS3Zbj0FGIOCAva5P/d/GBOYaACQ1w+0azUkg==",
			"dev": true
		},
		"unpipe": {
			"version": "1.0.0",
			"resolved": "https://registry.npmjs.org/unpipe/-/unpipe-1.0.0.tgz",
			"integrity": "sha1-sr9O6FFKrmFltIF4KdIbLvSZBOw=",
			"dev": true
		},
		"url": {
			"version": "0.11.0",
			"resolved": "https://registry.npmjs.org/url/-/url-0.11.0.tgz",
			"integrity": "sha1-ODjpfPxgUh63PFJajlW/3Z4uKPE=",
			"dev": true,
			"requires": {
				"punycode": "1.3.2",
				"querystring": "0.2.0"
			}
		},
		"url-join": {
			"version": "4.0.0",
			"resolved": "https://registry.npmjs.org/url-join/-/url-join-4.0.0.tgz",
			"integrity": "sha1-TTNA6AfTdzvamZH4MFrNzCpmXSo=",
			"dev": true
		},
		"util-deprecate": {
			"version": "1.0.2",
			"resolved": "https://registry.npmjs.org/util-deprecate/-/util-deprecate-1.0.2.tgz",
			"integrity": "sha1-RQ1Nyfpw3nMnYvvS1KKJgUGaDM8=",
			"dev": true
		},
		"wordwrap": {
			"version": "1.0.0",
			"resolved": "https://registry.npmjs.org/wordwrap/-/wordwrap-1.0.0.tgz",
			"integrity": "sha1-J1hIEIkUVqQXHI0CJkQa3pDLyus=",
			"dev": true
		},
		"xregexp": {
			"version": "2.0.0",
			"resolved": "https://registry.npmjs.org/xregexp/-/xregexp-2.0.0.tgz",
			"integrity": "sha1-UqY+VsoLhKfzpfPWGHLxJq16WUM=",
			"dev": true
		},
		"yallist": {
			"version": "2.1.2",
			"resolved": "https://registry.npmjs.org/yallist/-/yallist-2.1.2.tgz",
			"integrity": "sha1-HBH5IY8HYImkfdUS+TxmmaaoHVI=",
			"dev": true
		}
	}
}
